
Microsoft Visual Studio Solution File, Format Version 12.00
# Visual Studio Version 16
VisualStudioVersion = 16.0.30804.86
MinimumVisualStudioVersion = 10.0.40219.1
Project("{FAE04EC0-301F-11D3-BF4B-00C04F79EFBC}") = "Q01 Sum Matrix Elements", "Q01 Sum Matrix Elements\Q01 Sum Matrix Elements.csproj", "{AD37DA3E-F545-4338-9787-431242A3224B}"
EndProject
Project("{FAE04EC0-301F-11D3-BF4B-00C04F79EFBC}") = "Q02 Sum Matrix Colums", "Q02 Sum Matrix Colums\Q02 Sum Matrix Colums.csproj", "{0AC3BF78-4287-49FA-B812-B8D12E5E2794}"
EndProject
Project("{FAE04EC0-301F-11D3-BF4B-00C04F79EFBC}") = "Q03 Primary Diagonal", "Q03 Primary Diagonal\Q03 Primary Diagonal.csproj", "{B34C4C2D-281D-4518-824E-14F56707388A}"
EndProject
Project("{FAE04EC0-301F-11D3-BF4B-00C04F79EFBC}") = "Q04 Symbol in Matrix", "Q04 Symbol in Matrix\Q04 Symbol in Matrix.csproj", "{386A077E-2D37-412C-AE47-8C74CA5BA31A}"
EndProject
Project("{FAE04EC0-301F-11D3-BF4B-00C04F79EFBC}") = "Q05 Square with Maximum Sum", "Q05 Square with Maximum Sum\Q05 Square with Maximum Sum.csproj", "{AECD98D2-5144-4072-A364-F4C7E822A9E8}"
EndProject
Global
	GlobalSection(SolutionConfigurationPlatforms) = preSolution
		Debug|Any CPU = Debug|Any CPU
		Release|Any CPU = Release|Any CPU
	EndGlobalSection
	GlobalSection(ProjectConfigurationPlatforms) = postSolution
		{AD37DA3E-F545-4338-9787-431242A3224B}.Debug|Any CPU.ActiveCfg = Debug|Any CPU
		{AD37DA3E-F545-4338-9787-431242A3224B}.Debug|Any CPU.Build.0 = Debug|Any CPU
		{AD37DA3E-F545-4338-9787-431242A3224B}.Release|Any CPU.ActiveCfg = Release|Any CPU
		{AD37DA3E-F545-4338-9787-431242A3224B}.Release|Any CPU.Build.0 = Release|Any CPU
		{0AC3BF78-4287-49FA-B812-B8D12E5E2794}.Debug|Any CPU.ActiveCfg = Debug|Any CPU
		{0AC3BF78-4287-49FA-B812-B8D12E5E2794}.Debug|Any CPU.Build.0 = Debug|Any CPU
		{0AC3BF78-4287-49FA-B812-B8D12E5E2794}.Release|Any CPU.ActiveCfg = Release|Any CPU
		{0AC3BF78-4287-49FA-B812-B8D12E5E2794}.Release|Any CPU.Build.0 = Release|Any CPU
		{B34C4C2D-281D-4518-824E-14F56707388A}.Debug|Any CPU.ActiveCfg = Debug|Any CPU
		{B34C4C2D-281D-4518-824E-14F56707388A}.Debug|Any CPU.Build.0 = Debug|Any CPU
		{B34C4C2D-281D-4518-824E-14F56707388A}.Release|Any CPU.ActiveCfg = Release|Any CPU
		{B34C4C2D-281D-4518-824E-14F56707388A}.Release|Any CPU.Build.0 = Release|Any CPU
		{386A077E-2D37-412C-AE47-8C74CA5BA31A}.Debug|Any CPU.ActiveCfg = Debug|Any CPU
		{386A077E-2D37-412C-AE47-8C74CA5BA31A}.Debug|Any CPU.Build.0 = Debug|Any CPU
		{386A077E-2D37-412C-AE47-8C74CA5BA31A}.Release|Any CPU.ActiveCfg = Release|Any CPU
		{386A077E-2D37-412C-AE47-8C74CA5BA31A}.Release|Any CPU.Build.0 = Release|Any CPU
		{AECD98D2-5144-4072-A364-F4C7E822A9E8}.Debug|Any CPU.ActiveCfg = Debug|Any CPU
		{AECD98D2-5144-4072-A364-F4C7E822A9E8}.Debug|Any CPU.Build.0 = Debug|Any CPU
		{AECD98D2-5144-4072-A364-F4C7E822A9E8}.Release|Any CPU.ActiveCfg = Release|Any CPU
		{AECD98D2-5144-4072-A364-F4C7E822A9E8}.Release|Any CPU.Build.0 = Release|Any CPU
	EndGlobalSection
	GlobalSection(SolutionProperties) = preSolution
		HideSolutionNode = FALSE
	EndGlobalSection
	GlobalSection(ExtensibilityGlobals) = postSolution
		SolutionGuid = {C438C316-76D0-4077-9282-89EF49CF63E9}
	EndGlobalSection
EndGlobal
