
Microsoft Visual Studio Solution File, Format Version 12.00
# Visual Studio Version 16
VisualStudioVersion = 16.0.30804.86
MinimumVisualStudioVersion = 10.0.40219.1
Project("{FAE04EC0-301F-11D3-BF4B-00C04F79EFBC}") = "Q01 Action Point", "Q01 Action Point\Q01 Action Point.csproj", "{5F0B26C2-AE3F-43BB-B400-E4E77E6F3182}"
EndProject
Project("{FAE04EC0-301F-11D3-BF4B-00C04F79EFBC}") = "Q02 Knights of Honor", "Q02 Knights of Honor\Q02 Knights of Honor.csproj", "{0944937A-FB55-4959-93CC-17FCF21D40E3}"
EndProject
Project("{FAE04EC0-301F-11D3-BF4B-00C04F79EFBC}") = "Q03 Custom Min Function", "Q03 Custom Min Function\Q03 Custom Min Function.csproj", "{DB128A1A-21C7-4F0F-949F-39BDF83FC209}"
EndProject
Project("{FAE04EC0-301F-11D3-BF4B-00C04F79EFBC}") = "Q04 Find Evens or Odds", "Q04 Find Evens or Odds\Q04 Find Evens or Odds.csproj", "{176EA444-8CE1-4F99-8EE5-08837AE55D62}"
EndProject
Project("{FAE04EC0-301F-11D3-BF4B-00C04F79EFBC}") = "Q05 Applied Arithmetics", "Q05 Applied Arithmetics\Q05 Applied Arithmetics.csproj", "{2509EA8D-4962-4BAB-917E-018D01B1F92F}"
EndProject
Project("{FAE04EC0-301F-11D3-BF4B-00C04F79EFBC}") = "Q06 Reverse and Exclude", "Q06 Reverse and Exclude\Q06 Reverse and Exclude.csproj", "{06599A4F-91FA-4BBE-8358-589DD310E53D}"
EndProject
Project("{FAE04EC0-301F-11D3-BF4B-00C04F79EFBC}") = "Q07 Predicate of Names", "Q07 Predicate of Names\Q07 Predicate of Names.csproj", "{05C3D49B-D2BB-4580-96AC-00332D467182}"
EndProject
Global
	GlobalSection(SolutionConfigurationPlatforms) = preSolution
		Debug|Any CPU = Debug|Any CPU
		Release|Any CPU = Release|Any CPU
	EndGlobalSection
	GlobalSection(ProjectConfigurationPlatforms) = postSolution
		{5F0B26C2-AE3F-43BB-B400-E4E77E6F3182}.Debug|Any CPU.ActiveCfg = Debug|Any CPU
		{5F0B26C2-AE3F-43BB-B400-E4E77E6F3182}.Debug|Any CPU.Build.0 = Debug|Any CPU
		{5F0B26C2-AE3F-43BB-B400-E4E77E6F3182}.Release|Any CPU.ActiveCfg = Release|Any CPU
		{5F0B26C2-AE3F-43BB-B400-E4E77E6F3182}.Release|Any CPU.Build.0 = Release|Any CPU
		{0944937A-FB55-4959-93CC-17FCF21D40E3}.Debug|Any CPU.ActiveCfg = Debug|Any CPU
		{0944937A-FB55-4959-93CC-17FCF21D40E3}.Debug|Any CPU.Build.0 = Debug|Any CPU
		{0944937A-FB55-4959-93CC-17FCF21D40E3}.Release|Any CPU.ActiveCfg = Release|Any CPU
		{0944937A-FB55-4959-93CC-17FCF21D40E3}.Release|Any CPU.Build.0 = Release|Any CPU
		{DB128A1A-21C7-4F0F-949F-39BDF83FC209}.Debug|Any CPU.ActiveCfg = Debug|Any CPU
		{DB128A1A-21C7-4F0F-949F-39BDF83FC209}.Debug|Any CPU.Build.0 = Debug|Any CPU
		{DB128A1A-21C7-4F0F-949F-39BDF83FC209}.Release|Any CPU.ActiveCfg = Release|Any CPU
		{DB128A1A-21C7-4F0F-949F-39BDF83FC209}.Release|Any CPU.Build.0 = Release|Any CPU
		{176EA444-8CE1-4F99-8EE5-08837AE55D62}.Debug|Any CPU.ActiveCfg = Debug|Any CPU
		{176EA444-8CE1-4F99-8EE5-08837AE55D62}.Debug|Any CPU.Build.0 = Debug|Any CPU
		{176EA444-8CE1-4F99-8EE5-08837AE55D62}.Release|Any CPU.ActiveCfg = Release|Any CPU
		{176EA444-8CE1-4F99-8EE5-08837AE55D62}.Release|Any CPU.Build.0 = Release|Any CPU
		{2509EA8D-4962-4BAB-917E-018D01B1F92F}.Debug|Any CPU.ActiveCfg = Debug|Any CPU
		{2509EA8D-4962-4BAB-917E-018D01B1F92F}.Debug|Any CPU.Build.0 = Debug|Any CPU
		{2509EA8D-4962-4BAB-917E-018D01B1F92F}.Release|Any CPU.ActiveCfg = Release|Any CPU
		{2509EA8D-4962-4BAB-917E-018D01B1F92F}.Release|Any CPU.Build.0 = Release|Any CPU
		{06599A4F-91FA-4BBE-8358-589DD310E53D}.Debug|Any CPU.ActiveCfg = Debug|Any CPU
		{06599A4F-91FA-4BBE-8358-589DD310E53D}.Debug|Any CPU.Build.0 = Debug|Any CPU
		{06599A4F-91FA-4BBE-8358-589DD310E53D}.Release|Any CPU.ActiveCfg = Release|Any CPU
		{06599A4F-91FA-4BBE-8358-589DD310E53D}.Release|Any CPU.Build.0 = Release|Any CPU
		{05C3D49B-D2BB-4580-96AC-00332D467182}.Debug|Any CPU.ActiveCfg = Debug|Any CPU
		{05C3D49B-D2BB-4580-96AC-00332D467182}.Debug|Any CPU.Build.0 = Debug|Any CPU
		{05C3D49B-D2BB-4580-96AC-00332D467182}.Release|Any CPU.ActiveCfg = Release|Any CPU
		{05C3D49B-D2BB-4580-96AC-00332D467182}.Release|Any CPU.Build.0 = Release|Any CPU
	EndGlobalSection
	GlobalSection(SolutionProperties) = preSolution
		HideSolutionNode = FALSE
	EndGlobalSection
	GlobalSection(ExtensibilityGlobals) = postSolution
		SolutionGuid = {AD7E3E3F-40BD-4241-9131-49696AF84E4B}
	EndGlobalSection
EndGlobal
