
Microsoft Visual Studio Solution File, Format Version 12.00
# Visual Studio Version 16
VisualStudioVersion = 16.0.29009.5
MinimumVisualStudioVersion = 10.0.40219.1
Project("{FAE04EC0-301F-11D3-BF4B-00C04F79EFBC}") = "Q01 Basic Stack Operations", "Q01 Basic Stack Operations\Q01 Basic Stack Operations.csproj", "{A19FD05B-4AA9-40EB-B833-8E82BF2684E4}"
EndProject
Global
	GlobalSection(SolutionConfigurationPlatforms) = preSolution
		Debug|Any CPU = Debug|Any CPU
		Release|Any CPU = Release|Any CPU
	EndGlobalSection
	GlobalSection(ProjectConfigurationPlatforms) = postSolution
		{A19FD05B-4AA9-40EB-B833-8E82BF2684E4}.Debug|Any CPU.ActiveCfg = Debug|Any CPU
		{A19FD05B-4AA9-40EB-B833-8E82BF2684E4}.Debug|Any CPU.Build.0 = Debug|Any CPU
		{A19FD05B-4AA9-40EB-B833-8E82BF2684E4}.Release|Any CPU.ActiveCfg = Release|Any CPU
		{A19FD05B-4AA9-40EB-B833-8E82BF2684E4}.Release|Any CPU.Build.0 = Release|Any CPU
	EndGlobalSection
	GlobalSection(SolutionProperties) = preSolution
		HideSolutionNode = FALSE
	EndGlobalSection
	GlobalSection(ExtensibilityGlobals) = postSolution
		SolutionGuid = {DF0F5FB2-369A-453E-922E-9AFFFB6508EB}
	EndGlobalSection
EndGlobal
