
Microsoft Visual Studio Solution File, Format Version 12.00
# Visual Studio Version 16
VisualStudioVersion = 16.0.30804.86
MinimumVisualStudioVersion = 10.0.40219.1
Project("{FAE04EC0-301F-11D3-BF4B-00C04F79EFBC}") = "Q01 Odd Lines", "Q01 Odd Lines\Q01 Odd Lines.csproj", "{8F5FAF00-D5D8-4936-B115-E55BE9AE07C7}"
EndProject
Project("{FAE04EC0-301F-11D3-BF4B-00C04F79EFBC}") = "Q02 Line Numbers", "Q02 Line Numbers\Q02 Line Numbers.csproj", "{9E0F096B-5EAD-4699-8F4F-2654D6D2C1F0}"
EndProject
Project("{FAE04EC0-301F-11D3-BF4B-00C04F79EFBC}") = "Q03 Word Count", "Q03 Word Count\Q03 Word Count.csproj", "{7BF8E115-FD00-4932-ACDC-C1740BF22275}"
EndProject
Global
	GlobalSection(SolutionConfigurationPlatforms) = preSolution
		Debug|Any CPU = Debug|Any CPU
		Release|Any CPU = Release|Any CPU
	EndGlobalSection
	GlobalSection(ProjectConfigurationPlatforms) = postSolution
		{8F5FAF00-D5D8-4936-B115-E55BE9AE07C7}.Debug|Any CPU.ActiveCfg = Debug|Any CPU
		{8F5FAF00-D5D8-4936-B115-E55BE9AE07C7}.Debug|Any CPU.Build.0 = Debug|Any CPU
		{8F5FAF00-D5D8-4936-B115-E55BE9AE07C7}.Release|Any CPU.ActiveCfg = Release|Any CPU
		{8F5FAF00-D5D8-4936-B115-E55BE9AE07C7}.Release|Any CPU.Build.0 = Release|Any CPU
		{9E0F096B-5EAD-4699-8F4F-2654D6D2C1F0}.Debug|Any CPU.ActiveCfg = Debug|Any CPU
		{9E0F096B-5EAD-4699-8F4F-2654D6D2C1F0}.Debug|Any CPU.Build.0 = Debug|Any CPU
		{9E0F096B-5EAD-4699-8F4F-2654D6D2C1F0}.Release|Any CPU.ActiveCfg = Release|Any CPU
		{9E0F096B-5EAD-4699-8F4F-2654D6D2C1F0}.Release|Any CPU.Build.0 = Release|Any CPU
		{7BF8E115-FD00-4932-ACDC-C1740BF22275}.Debug|Any CPU.ActiveCfg = Debug|Any CPU
		{7BF8E115-FD00-4932-ACDC-C1740BF22275}.Debug|Any CPU.Build.0 = Debug|Any CPU
		{7BF8E115-FD00-4932-ACDC-C1740BF22275}.Release|Any CPU.ActiveCfg = Release|Any CPU
		{7BF8E115-FD00-4932-ACDC-C1740BF22275}.Release|Any CPU.Build.0 = Release|Any CPU
	EndGlobalSection
	GlobalSection(SolutionProperties) = preSolution
		HideSolutionNode = FALSE
	EndGlobalSection
	GlobalSection(ExtensibilityGlobals) = postSolution
		SolutionGuid = {AE5B0ABF-9F89-47CB-A3AE-A14EAF0C531F}
	EndGlobalSection
EndGlobal
