
Microsoft Visual Studio Solution File, Format Version 12.00
# Visual Studio Version 16
VisualStudioVersion = 16.0.30804.86
MinimumVisualStudioVersion = 10.0.40219.1
Project("{FAE04EC0-301F-11D3-BF4B-00C04F79EFBC}") = "Q01 Unique Usernames", "Q01 Unique Usernames\Q01 Unique Usernames.csproj", "{6C3F990D-5B5A-4E3C-8441-FDB2264FEEF2}"
EndProject
Project("{FAE04EC0-301F-11D3-BF4B-00C04F79EFBC}") = "Q02 Sets of Elements", "Q02 Sets of Elements\Q02 Sets of Elements.csproj", "{A95F2D3C-5547-43B1-A218-F37C5A3C6D96}"
EndProject
Project("{FAE04EC0-301F-11D3-BF4B-00C04F79EFBC}") = "Q03 Periodic Table", "Q03 Periodic Table\Q03 Periodic Table.csproj", "{3E71D2A3-BAEC-4D22-8DAD-33E24C86B770}"
EndProject
Project("{FAE04EC0-301F-11D3-BF4B-00C04F79EFBC}") = "Q04 Even Times", "Q04 Even Times\Q04 Even Times.csproj", "{CDB23FA8-41C4-45E1-999F-CFAC489EEE16}"
EndProject
Project("{FAE04EC0-301F-11D3-BF4B-00C04F79EFBC}") = "Q05 Count Symbols", "Q05 Count Symbols\Q05 Count Symbols.csproj", "{407B8E12-87E4-45E5-ACEF-C49AC9FA741B}"
EndProject
Project("{FAE04EC0-301F-11D3-BF4B-00C04F79EFBC}") = "Q06 Wardrobe", "Q06 Wardrobe\Q06 Wardrobe.csproj", "{C42E12B3-E2B6-43BC-8793-1BC207E3EC55}"
EndProject
Global
	GlobalSection(SolutionConfigurationPlatforms) = preSolution
		Debug|Any CPU = Debug|Any CPU
		Release|Any CPU = Release|Any CPU
	EndGlobalSection
	GlobalSection(ProjectConfigurationPlatforms) = postSolution
		{6C3F990D-5B5A-4E3C-8441-FDB2264FEEF2}.Debug|Any CPU.ActiveCfg = Debug|Any CPU
		{6C3F990D-5B5A-4E3C-8441-FDB2264FEEF2}.Debug|Any CPU.Build.0 = Debug|Any CPU
		{6C3F990D-5B5A-4E3C-8441-FDB2264FEEF2}.Release|Any CPU.ActiveCfg = Release|Any CPU
		{6C3F990D-5B5A-4E3C-8441-FDB2264FEEF2}.Release|Any CPU.Build.0 = Release|Any CPU
		{A95F2D3C-5547-43B1-A218-F37C5A3C6D96}.Debug|Any CPU.ActiveCfg = Debug|Any CPU
		{A95F2D3C-5547-43B1-A218-F37C5A3C6D96}.Debug|Any CPU.Build.0 = Debug|Any CPU
		{A95F2D3C-5547-43B1-A218-F37C5A3C6D96}.Release|Any CPU.ActiveCfg = Release|Any CPU
		{A95F2D3C-5547-43B1-A218-F37C5A3C6D96}.Release|Any CPU.Build.0 = Release|Any CPU
		{3E71D2A3-BAEC-4D22-8DAD-33E24C86B770}.Debug|Any CPU.ActiveCfg = Debug|Any CPU
		{3E71D2A3-BAEC-4D22-8DAD-33E24C86B770}.Debug|Any CPU.Build.0 = Debug|Any CPU
		{3E71D2A3-BAEC-4D22-8DAD-33E24C86B770}.Release|Any CPU.ActiveCfg = Release|Any CPU
		{3E71D2A3-BAEC-4D22-8DAD-33E24C86B770}.Release|Any CPU.Build.0 = Release|Any CPU
		{CDB23FA8-41C4-45E1-999F-CFAC489EEE16}.Debug|Any CPU.ActiveCfg = Debug|Any CPU
		{CDB23FA8-41C4-45E1-999F-CFAC489EEE16}.Debug|Any CPU.Build.0 = Debug|Any CPU
		{CDB23FA8-41C4-45E1-999F-CFAC489EEE16}.Release|Any CPU.ActiveCfg = Release|Any CPU
		{CDB23FA8-41C4-45E1-999F-CFAC489EEE16}.Release|Any CPU.Build.0 = Release|Any CPU
		{407B8E12-87E4-45E5-ACEF-C49AC9FA741B}.Debug|Any CPU.ActiveCfg = Debug|Any CPU
		{407B8E12-87E4-45E5-ACEF-C49AC9FA741B}.Debug|Any CPU.Build.0 = Debug|Any CPU
		{407B8E12-87E4-45E5-ACEF-C49AC9FA741B}.Release|Any CPU.ActiveCfg = Release|Any CPU
		{407B8E12-87E4-45E5-ACEF-C49AC9FA741B}.Release|Any CPU.Build.0 = Release|Any CPU
		{C42E12B3-E2B6-43BC-8793-1BC207E3EC55}.Debug|Any CPU.ActiveCfg = Debug|Any CPU
		{C42E12B3-E2B6-43BC-8793-1BC207E3EC55}.Debug|Any CPU.Build.0 = Debug|Any CPU
		{C42E12B3-E2B6-43BC-8793-1BC207E3EC55}.Release|Any CPU.ActiveCfg = Release|Any CPU
		{C42E12B3-E2B6-43BC-8793-1BC207E3EC55}.Release|Any CPU.Build.0 = Release|Any CPU
	EndGlobalSection
	GlobalSection(SolutionProperties) = preSolution
		HideSolutionNode = FALSE
	EndGlobalSection
	GlobalSection(ExtensibilityGlobals) = postSolution
		SolutionGuid = {E0E4F397-73D5-4626-9F2D-D0133E394765}
	EndGlobalSection
EndGlobal
