
Microsoft Visual Studio Solution File, Format Version 12.00
# Visual Studio Version 16
VisualStudioVersion = 16.0.30804.86
MinimumVisualStudioVersion = 10.0.40219.1
Project("{FAE04EC0-301F-11D3-BF4B-00C04F79EFBC}") = "Q01 Sort Even Numbers", "Q01 Sort Even Numbers\Q01 Sort Even Numbers.csproj", "{165D7496-1AFD-4EDC-B736-242CE2ED1D1E}"
EndProject
Project("{FAE04EC0-301F-11D3-BF4B-00C04F79EFBC}") = "Q02 Sum Numbers", "Q02 Sum Numbers\Q02 Sum Numbers.csproj", "{19C04488-71DF-4966-887E-D7E7F6624558}"
EndProject
Project("{FAE04EC0-301F-11D3-BF4B-00C04F79EFBC}") = "Q03 Count Uppercase Words", "Q03 Count Uppercase Words\Q03 Count Uppercase Words.csproj", "{5579ECFF-7568-4B41-9B2A-29C5C1399955}"
EndProject
Project("{FAE04EC0-301F-11D3-BF4B-00C04F79EFBC}") = "Q04 Add VAT", "Q04 Add VAT\Q04 Add VAT.csproj", "{2ACB18BA-8E7F-4634-91D8-F1E9C0ED167A}"
EndProject
Global
	GlobalSection(SolutionConfigurationPlatforms) = preSolution
		Debug|Any CPU = Debug|Any CPU
		Release|Any CPU = Release|Any CPU
	EndGlobalSection
	GlobalSection(ProjectConfigurationPlatforms) = postSolution
		{165D7496-1AFD-4EDC-B736-242CE2ED1D1E}.Debug|Any CPU.ActiveCfg = Debug|Any CPU
		{165D7496-1AFD-4EDC-B736-242CE2ED1D1E}.Debug|Any CPU.Build.0 = Debug|Any CPU
		{165D7496-1AFD-4EDC-B736-242CE2ED1D1E}.Release|Any CPU.ActiveCfg = Release|Any CPU
		{165D7496-1AFD-4EDC-B736-242CE2ED1D1E}.Release|Any CPU.Build.0 = Release|Any CPU
		{19C04488-71DF-4966-887E-D7E7F6624558}.Debug|Any CPU.ActiveCfg = Debug|Any CPU
		{19C04488-71DF-4966-887E-D7E7F6624558}.Debug|Any CPU.Build.0 = Debug|Any CPU
		{19C04488-71DF-4966-887E-D7E7F6624558}.Release|Any CPU.ActiveCfg = Release|Any CPU
		{19C04488-71DF-4966-887E-D7E7F6624558}.Release|Any CPU.Build.0 = Release|Any CPU
		{5579ECFF-7568-4B41-9B2A-29C5C1399955}.Debug|Any CPU.ActiveCfg = Debug|Any CPU
		{5579ECFF-7568-4B41-9B2A-29C5C1399955}.Debug|Any CPU.Build.0 = Debug|Any CPU
		{5579ECFF-7568-4B41-9B2A-29C5C1399955}.Release|Any CPU.ActiveCfg = Release|Any CPU
		{5579ECFF-7568-4B41-9B2A-29C5C1399955}.Release|Any CPU.Build.0 = Release|Any CPU
		{2ACB18BA-8E7F-4634-91D8-F1E9C0ED167A}.Debug|Any CPU.ActiveCfg = Debug|Any CPU
		{2ACB18BA-8E7F-4634-91D8-F1E9C0ED167A}.Debug|Any CPU.Build.0 = Debug|Any CPU
		{2ACB18BA-8E7F-4634-91D8-F1E9C0ED167A}.Release|Any CPU.ActiveCfg = Release|Any CPU
		{2ACB18BA-8E7F-4634-91D8-F1E9C0ED167A}.Release|Any CPU.Build.0 = Release|Any CPU
	EndGlobalSection
	GlobalSection(SolutionProperties) = preSolution
		HideSolutionNode = FALSE
	EndGlobalSection
	GlobalSection(ExtensibilityGlobals) = postSolution
		SolutionGuid = {D204E199-4664-4F75-B0E4-FD73983F19E7}
	EndGlobalSection
EndGlobal
