
Microsoft Visual Studio Solution File, Format Version 12.00
# Visual Studio Version 16
VisualStudioVersion = 16.0.30804.86
MinimumVisualStudioVersion = 10.0.40219.1
Project("{FAE04EC0-301F-11D3-BF4B-00C04F79EFBC}") = "Q01 Count Same Values in Array", "Q01 Count Same Values in Array\Q01 Count Same Values in Array.csproj", "{DEF9067E-7D80-43D7-B17D-16A225C70AED}"
EndProject
Project("{FAE04EC0-301F-11D3-BF4B-00C04F79EFBC}") = "Q02 Average Student Grades", "Q02 Average Student Grades\Q02 Average Student Grades.csproj", "{E14AD007-CE87-48A2-9D23-FD164F953D2F}"
EndProject
Project("{FAE04EC0-301F-11D3-BF4B-00C04F79EFBC}") = "Q03 Product Shop", "Q03 Product Shop\Q03 Product Shop.csproj", "{465997A9-5382-4C56-B1B9-49E528D70E13}"
EndProject
Project("{FAE04EC0-301F-11D3-BF4B-00C04F79EFBC}") = "Q04 Cities by Continent and Country", "Q04 Cities by Continent and Country\Q04 Cities by Continent and Country.csproj", "{2538D59A-56BD-4E70-918B-E8F83253C82E}"
EndProject
Global
	GlobalSection(SolutionConfigurationPlatforms) = preSolution
		Debug|Any CPU = Debug|Any CPU
		Release|Any CPU = Release|Any CPU
	EndGlobalSection
	GlobalSection(ProjectConfigurationPlatforms) = postSolution
		{DEF9067E-7D80-43D7-B17D-16A225C70AED}.Debug|Any CPU.ActiveCfg = Debug|Any CPU
		{DEF9067E-7D80-43D7-B17D-16A225C70AED}.Debug|Any CPU.Build.0 = Debug|Any CPU
		{DEF9067E-7D80-43D7-B17D-16A225C70AED}.Release|Any CPU.ActiveCfg = Release|Any CPU
		{DEF9067E-7D80-43D7-B17D-16A225C70AED}.Release|Any CPU.Build.0 = Release|Any CPU
		{E14AD007-CE87-48A2-9D23-FD164F953D2F}.Debug|Any CPU.ActiveCfg = Debug|Any CPU
		{E14AD007-CE87-48A2-9D23-FD164F953D2F}.Debug|Any CPU.Build.0 = Debug|Any CPU
		{E14AD007-CE87-48A2-9D23-FD164F953D2F}.Release|Any CPU.ActiveCfg = Release|Any CPU
		{E14AD007-CE87-48A2-9D23-FD164F953D2F}.Release|Any CPU.Build.0 = Release|Any CPU
		{465997A9-5382-4C56-B1B9-49E528D70E13}.Debug|Any CPU.ActiveCfg = Debug|Any CPU
		{465997A9-5382-4C56-B1B9-49E528D70E13}.Debug|Any CPU.Build.0 = Debug|Any CPU
		{465997A9-5382-4C56-B1B9-49E528D70E13}.Release|Any CPU.ActiveCfg = Release|Any CPU
		{465997A9-5382-4C56-B1B9-49E528D70E13}.Release|Any CPU.Build.0 = Release|Any CPU
		{2538D59A-56BD-4E70-918B-E8F83253C82E}.Debug|Any CPU.ActiveCfg = Debug|Any CPU
		{2538D59A-56BD-4E70-918B-E8F83253C82E}.Debug|Any CPU.Build.0 = Debug|Any CPU
		{2538D59A-56BD-4E70-918B-E8F83253C82E}.Release|Any CPU.ActiveCfg = Release|Any CPU
		{2538D59A-56BD-4E70-918B-E8F83253C82E}.Release|Any CPU.Build.0 = Release|Any CPU
	EndGlobalSection
	GlobalSection(SolutionProperties) = preSolution
		HideSolutionNode = FALSE
	EndGlobalSection
	GlobalSection(ExtensibilityGlobals) = postSolution
		SolutionGuid = {0DC70010-9CA8-4B76-9AA8-4ACCD717F75B}
	EndGlobalSection
EndGlobal
