
Microsoft Visual Studio Solution File, Format Version 12.00
# Visual Studio Version 16
VisualStudioVersion = 16.0.30804.86
MinimumVisualStudioVersion = 10.0.40219.1
Project("{FAE04EC0-301F-11D3-BF4B-00C04F79EFBC}") = "Q01 Even Lines", "Q01 Even Lines\Q01 Even Lines.csproj", "{679DAC0C-9465-4543-88F5-343EE3D1F6BE}"
EndProject
Global
	GlobalSection(SolutionConfigurationPlatforms) = preSolution
		Debug|Any CPU = Debug|Any CPU
		Release|Any CPU = Release|Any CPU
	EndGlobalSection
	GlobalSection(ProjectConfigurationPlatforms) = postSolution
		{679DAC0C-9465-4543-88F5-343EE3D1F6BE}.Debug|Any CPU.ActiveCfg = Debug|Any CPU
		{679DAC0C-9465-4543-88F5-343EE3D1F6BE}.Debug|Any CPU.Build.0 = Debug|Any CPU
		{679DAC0C-9465-4543-88F5-343EE3D1F6BE}.Release|Any CPU.ActiveCfg = Release|Any CPU
		{679DAC0C-9465-4543-88F5-343EE3D1F6BE}.Release|Any CPU.Build.0 = Release|Any CPU
	EndGlobalSection
	GlobalSection(SolutionProperties) = preSolution
		HideSolutionNode = FALSE
	EndGlobalSection
	GlobalSection(ExtensibilityGlobals) = postSolution
		SolutionGuid = {DDCDD9D3-0AFD-4922-9E8E-CF164520BB79}
	EndGlobalSection
EndGlobal
