
Microsoft Visual Studio Solution File, Format Version 12.00
# Visual Studio Version 16
VisualStudioVersion = 16.0.30804.86
MinimumVisualStudioVersion = 10.0.40219.1
Project("{FAE04EC0-301F-11D3-BF4B-00C04F79EFBC}") = "Q01 Define a Class Person", "Q01 Define a Class Person\Q01 Define a Class Person.csproj", "{26A43839-8204-461C-ADE1-0FF38B7427A8}"
EndProject
Project("{FAE04EC0-301F-11D3-BF4B-00C04F79EFBC}") = "Q02 Creating Constructs", "Q02 Creating Constructs\Q02 Creating Constructs.csproj", "{71B1509A-6FDD-4057-8706-A093F56494DA}"
EndProject
Project("{FAE04EC0-301F-11D3-BF4B-00C04F79EFBC}") = "Q03 Oldest Family Member", "Q03 Oldest Family Member\Q03 Oldest Family Member.csproj", "{61276684-9C64-4E7E-B354-1E83330A221B}"
EndProject
Project("{FAE04EC0-301F-11D3-BF4B-00C04F79EFBC}") = "Q04 Opinion Poll", "Q04 Opinion Poll\Q04 Opinion Poll.csproj", "{C25E542B-5995-4C2F-B23D-1D1B7E8444C4}"
EndProject
Project("{FAE04EC0-301F-11D3-BF4B-00C04F79EFBC}") = "Q05 Date Modifier", "Q05 Date Modifier\Q05 Date Modifier.csproj", "{2E84BFC6-9590-4C19-82B8-85A3C130A9AA}"
EndProject
Project("{FAE04EC0-301F-11D3-BF4B-00C04F79EFBC}") = "Q06 Speed Racing", "Q06 Speed Racing\Q06 Speed Racing.csproj", "{0373B729-287D-44D7-801A-63A5E1973122}"
EndProject
Project("{FAE04EC0-301F-11D3-BF4B-00C04F79EFBC}") = "Q07 Raw Data", "Q07 Raw Data\Q07 Raw Data.csproj", "{A24F0F6F-DC10-447B-80A5-A0804153F623}"
EndProject
Global
	GlobalSection(SolutionConfigurationPlatforms) = preSolution
		Debug|Any CPU = Debug|Any CPU
		Release|Any CPU = Release|Any CPU
	EndGlobalSection
	GlobalSection(ProjectConfigurationPlatforms) = postSolution
		{26A43839-8204-461C-ADE1-0FF38B7427A8}.Debug|Any CPU.ActiveCfg = Debug|Any CPU
		{26A43839-8204-461C-ADE1-0FF38B7427A8}.Debug|Any CPU.Build.0 = Debug|Any CPU
		{26A43839-8204-461C-ADE1-0FF38B7427A8}.Release|Any CPU.ActiveCfg = Release|Any CPU
		{26A43839-8204-461C-ADE1-0FF38B7427A8}.Release|Any CPU.Build.0 = Release|Any CPU
		{71B1509A-6FDD-4057-8706-A093F56494DA}.Debug|Any CPU.ActiveCfg = Debug|Any CPU
		{71B1509A-6FDD-4057-8706-A093F56494DA}.Debug|Any CPU.Build.0 = Debug|Any CPU
		{71B1509A-6FDD-4057-8706-A093F56494DA}.Release|Any CPU.ActiveCfg = Release|Any CPU
		{71B1509A-6FDD-4057-8706-A093F56494DA}.Release|Any CPU.Build.0 = Release|Any CPU
		{61276684-9C64-4E7E-B354-1E83330A221B}.Debug|Any CPU.ActiveCfg = Debug|Any CPU
		{61276684-9C64-4E7E-B354-1E83330A221B}.Debug|Any CPU.Build.0 = Debug|Any CPU
		{61276684-9C64-4E7E-B354-1E83330A221B}.Release|Any CPU.ActiveCfg = Release|Any CPU
		{61276684-9C64-4E7E-B354-1E83330A221B}.Release|Any CPU.Build.0 = Release|Any CPU
		{C25E542B-5995-4C2F-B23D-1D1B7E8444C4}.Debug|Any CPU.ActiveCfg = Debug|Any CPU
		{C25E542B-5995-4C2F-B23D-1D1B7E8444C4}.Debug|Any CPU.Build.0 = Debug|Any CPU
		{C25E542B-5995-4C2F-B23D-1D1B7E8444C4}.Release|Any CPU.ActiveCfg = Release|Any CPU
		{C25E542B-5995-4C2F-B23D-1D1B7E8444C4}.Release|Any CPU.Build.0 = Release|Any CPU
		{2E84BFC6-9590-4C19-82B8-85A3C130A9AA}.Debug|Any CPU.ActiveCfg = Debug|Any CPU
		{2E84BFC6-9590-4C19-82B8-85A3C130A9AA}.Debug|Any CPU.Build.0 = Debug|Any CPU
		{2E84BFC6-9590-4C19-82B8-85A3C130A9AA}.Release|Any CPU.ActiveCfg = Release|Any CPU
		{2E84BFC6-9590-4C19-82B8-85A3C130A9AA}.Release|Any CPU.Build.0 = Release|Any CPU
		{0373B729-287D-44D7-801A-63A5E1973122}.Debug|Any CPU.ActiveCfg = Debug|Any CPU
		{0373B729-287D-44D7-801A-63A5E1973122}.Debug|Any CPU.Build.0 = Debug|Any CPU
		{0373B729-287D-44D7-801A-63A5E1973122}.Release|Any CPU.ActiveCfg = Release|Any CPU
		{0373B729-287D-44D7-801A-63A5E1973122}.Release|Any CPU.Build.0 = Release|Any CPU
		{A24F0F6F-DC10-447B-80A5-A0804153F623}.Debug|Any CPU.ActiveCfg = Debug|Any CPU
		{A24F0F6F-DC10-447B-80A5-A0804153F623}.Debug|Any CPU.Build.0 = Debug|Any CPU
		{A24F0F6F-DC10-447B-80A5-A0804153F623}.Release|Any CPU.ActiveCfg = Release|Any CPU
		{A24F0F6F-DC10-447B-80A5-A0804153F623}.Release|Any CPU.Build.0 = Release|Any CPU
	EndGlobalSection
	GlobalSection(SolutionProperties) = preSolution
		HideSolutionNode = FALSE
	EndGlobalSection
	GlobalSection(ExtensibilityGlobals) = postSolution
		SolutionGuid = {1627F335-D2CF-4115-98F1-ED37333B1E8D}
	EndGlobalSection
EndGlobal
