
Microsoft Visual Studio Solution File, Format Version 12.00
# Visual Studio Version 16
VisualStudioVersion = 16.0.30804.86
MinimumVisualStudioVersion = 10.0.40219.1
Project("{FAE04EC0-301F-11D3-BF4B-00C04F79EFBC}") = "Q01 Car", "Q01 Car\Q01 Car.csproj", "{D5CFADF2-7542-4256-A5D5-A775D8B9AC8F}"
EndProject
Project("{FAE04EC0-301F-11D3-BF4B-00C04F79EFBC}") = "Q02 Car Extension", "Q02 Car Extension\Q02 Car Extension.csproj", "{3085C9CA-3D18-467B-98AE-7192E68C91F1}"
EndProject
Project("{FAE04EC0-301F-11D3-BF4B-00C04F79EFBC}") = "Q03 Car Constructors", "Q03 Car Constructors\Q03 Car Constructors.csproj", "{2A8AD632-0656-4B54-B2A5-88FDE541E257}"
EndProject
Global
	GlobalSection(SolutionConfigurationPlatforms) = preSolution
		Debug|Any CPU = Debug|Any CPU
		Release|Any CPU = Release|Any CPU
	EndGlobalSection
	GlobalSection(ProjectConfigurationPlatforms) = postSolution
		{D5CFADF2-7542-4256-A5D5-A775D8B9AC8F}.Debug|Any CPU.ActiveCfg = Debug|Any CPU
		{D5CFADF2-7542-4256-A5D5-A775D8B9AC8F}.Debug|Any CPU.Build.0 = Debug|Any CPU
		{D5CFADF2-7542-4256-A5D5-A775D8B9AC8F}.Release|Any CPU.ActiveCfg = Release|Any CPU
		{D5CFADF2-7542-4256-A5D5-A775D8B9AC8F}.Release|Any CPU.Build.0 = Release|Any CPU
		{3085C9CA-3D18-467B-98AE-7192E68C91F1}.Debug|Any CPU.ActiveCfg = Debug|Any CPU
		{3085C9CA-3D18-467B-98AE-7192E68C91F1}.Debug|Any CPU.Build.0 = Debug|Any CPU
		{3085C9CA-3D18-467B-98AE-7192E68C91F1}.Release|Any CPU.ActiveCfg = Release|Any CPU
		{3085C9CA-3D18-467B-98AE-7192E68C91F1}.Release|Any CPU.Build.0 = Release|Any CPU
		{2A8AD632-0656-4B54-B2A5-88FDE541E257}.Debug|Any CPU.ActiveCfg = Debug|Any CPU
		{2A8AD632-0656-4B54-B2A5-88FDE541E257}.Debug|Any CPU.Build.0 = Debug|Any CPU
		{2A8AD632-0656-4B54-B2A5-88FDE541E257}.Release|Any CPU.ActiveCfg = Release|Any CPU
		{2A8AD632-0656-4B54-B2A5-88FDE541E257}.Release|Any CPU.Build.0 = Release|Any CPU
	EndGlobalSection
	GlobalSection(SolutionProperties) = preSolution
		HideSolutionNode = FALSE
	EndGlobalSection
	GlobalSection(ExtensibilityGlobals) = postSolution
		SolutionGuid = {2A783685-7CD3-4D8C-A8B3-B4336613EEBB}
	EndGlobalSection
EndGlobal
